// !$*UTF8*$!
{
	archiveVersion = 1;
	classes = {
	};
	objectVersion = 55;
	objects = {

/* Begin PBXBuildFile section */
		E32E861C28084D7200E04786 /* AppDelegate.swift in Sources */ = {isa = PBXBuildFile; fileRef = E32E861B28084D7200E04786 /* AppDelegate.swift */; };
		E32E861E28084D7200E04786 /* SceneDelegate.swift in Sources */ = {isa = PBXBuildFile; fileRef = E32E861D28084D7200E04786 /* SceneDelegate.swift */; };
		E32E862028084D7200E04786 /* MainView.swift in Sources */ = {isa = PBXBuildFile; fileRef = E32E861F28084D7200E04786 /* MainView.swift */; };
		E32E862528084D7700E04786 /* Assets.xcassets in Resources */ = {isa = PBXBuildFile; fileRef = E32E862428084D7700E04786 /* Assets.xcassets */; };
		E32E862828084D7700E04786 /* LaunchScreen.storyboard in Resources */ = {isa = PBXBuildFile; fileRef = E32E862628084D7700E04786 /* LaunchScreen.storyboard */; };
		E32E863328084D7800E04786 /* Bus_stopsTests.swift in Sources */ = {isa = PBXBuildFile; fileRef = E32E863228084D7800E04786 /* Bus_stopsTests.swift */; };
		E32E863D28084D7800E04786 /* Bus_stopsUITests.swift in Sources */ = {isa = PBXBuildFile; fileRef = E32E863C28084D7800E04786 /* Bus_stopsUITests.swift */; };
		E32E863F28084D7800E04786 /* Bus_stopsUITestsLaunchTests.swift in Sources */ = {isa = PBXBuildFile; fileRef = E32E863E28084D7800E04786 /* Bus_stopsUITestsLaunchTests.swift */; };
		E32E864C28084F7500E04786 /* BusStop.swift in Sources */ = {isa = PBXBuildFile; fileRef = E32E864B28084F7500E04786 /* BusStop.swift */; };
		E32E864E280850F900E04786 /* MainPresenter.swift in Sources */ = {isa = PBXBuildFile; fileRef = E32E864D280850F900E04786 /* MainPresenter.swift */; };
		E32E86502808548700E04786 /* ModuleBuider.swift in Sources */ = {isa = PBXBuildFile; fileRef = E32E864F2808548700E04786 /* ModuleBuider.swift */; };
		E32E865328085D1400E04786 /* NetworkService.swift in Sources */ = {isa = PBXBuildFile; fileRef = E32E865228085D1300E04786 /* NetworkService.swift */; };
		E32E865628086B9A00E04786 /* Data.swift in Sources */ = {isa = PBXBuildFile; fileRef = E32E865528086B9900E04786 /* Data.swift */; };
		E32E865D2808842100E04786 /* StopPresenter.swift in Sources */ = {isa = PBXBuildFile; fileRef = E32E865C2808842100E04786 /* StopPresenter.swift */; };
		E32E865F280886BD00E04786 /* StopView.swift in Sources */ = {isa = PBXBuildFile; fileRef = E32E865E280886BD00E04786 /* StopView.swift */; };
		E32E866228088D0600E04786 /* RouterMain.swift in Sources */ = {isa = PBXBuildFile; fileRef = E32E866128088D0600E04786 /* RouterMain.swift */; };
		E32E866B2808CED200E04786 /* RoutePath.swift in Sources */ = {isa = PBXBuildFile; fileRef = E32E866A2808CED100E04786 /* RoutePath.swift */; };
		E32E866D2808CFFB00E04786 /* Routes.swift in Sources */ = {isa = PBXBuildFile; fileRef = E32E866C2808CFFB00E04786 /* Routes.swift */; };
		E3AFC0D9280AD29B00E38F88 /* RouteView.swift in Sources */ = {isa = PBXBuildFile; fileRef = E3AFC0D8280AD29A00E38F88 /* RouteView.swift */; };
		E3AFC0DB280AED9200E38F88 /* UIColor+HEX.swift in Sources */ = {isa = PBXBuildFile; fileRef = E3AFC0DA280AED9200E38F88 /* UIColor+HEX.swift */; };
/* End PBXBuildFile section */

/* Begin PBXContainerItemProxy section */
		E32E862F28084D7800E04786 /* PBXContainerItemProxy */ = {
			isa = PBXContainerItemProxy;
			containerPortal = E32E861028084D7200E04786 /* Project object */;
			proxyType = 1;
			remoteGlobalIDString = E32E861728084D7200E04786;
			remoteInfo = "Bus stops";
		};
		E32E863928084D7800E04786 /* PBXContainerItemProxy */ = {
			isa = PBXContainerItemProxy;
			containerPortal = E32E861028084D7200E04786 /* Project object */;
			proxyType = 1;
			remoteGlobalIDString = E32E861728084D7200E04786;
			remoteInfo = "Bus stops";
		};
/* End PBXContainerItemProxy section */

/* Begin PBXFileReference section */
		E32E861828084D7200E04786 /* Bus stops.app */ = {isa = PBXFileReference; explicitFileType = wrapper.application; includeInIndex = 0; path = "Bus stops.app"; sourceTree = BUILT_PRODUCTS_DIR; };
		E32E861B28084D7200E04786 /* AppDelegate.swift */ = {isa = PBXFileReference; lastKnownFileType = sourcecode.swift; path = AppDelegate.swift; sourceTree = "<group>"; };
		E32E861D28084D7200E04786 /* SceneDelegate.swift */ = {isa = PBXFileReference; lastKnownFileType = sourcecode.swift; path = SceneDelegate.swift; sourceTree = "<group>"; };
		E32E861F28084D7200E04786 /* MainView.swift */ = {isa = PBXFileReference; lastKnownFileType = sourcecode.swift; path = MainView.swift; sourceTree = "<group>"; };
		E32E862428084D7700E04786 /* Assets.xcassets */ = {isa = PBXFileReference; lastKnownFileType = folder.assetcatalog; path = Assets.xcassets; sourceTree = "<group>"; };
		E32E862728084D7700E04786 /* Base */ = {isa = PBXFileReference; lastKnownFileType = file.storyboard; name = Base; path = Base.lproj/LaunchScreen.storyboard; sourceTree = "<group>"; };
		E32E862928084D7700E04786 /* Info.plist */ = {isa = PBXFileReference; lastKnownFileType = text.plist.xml; path = Info.plist; sourceTree = "<group>"; };
		E32E862E28084D7800E04786 /* Bus stopsTests.xctest */ = {isa = PBXFileReference; explicitFileType = wrapper.cfbundle; includeInIndex = 0; path = "Bus stopsTests.xctest"; sourceTree = BUILT_PRODUCTS_DIR; };
		E32E863228084D7800E04786 /* Bus_stopsTests.swift */ = {isa = PBXFileReference; lastKnownFileType = sourcecode.swift; path = Bus_stopsTests.swift; sourceTree = "<group>"; };
		E32E863828084D7800E04786 /* Bus stopsUITests.xctest */ = {isa = PBXFileReference; explicitFileType = wrapper.cfbundle; includeInIndex = 0; path = "Bus stopsUITests.xctest"; sourceTree = BUILT_PRODUCTS_DIR; };
		E32E863C28084D7800E04786 /* Bus_stopsUITests.swift */ = {isa = PBXFileReference; lastKnownFileType = sourcecode.swift; path = Bus_stopsUITests.swift; sourceTree = "<group>"; };
		E32E863E28084D7800E04786 /* Bus_stopsUITestsLaunchTests.swift */ = {isa = PBXFileReference; lastKnownFileType = sourcecode.swift; path = Bus_stopsUITestsLaunchTests.swift; sourceTree = "<group>"; };
		E32E864B28084F7500E04786 /* BusStop.swift */ = {isa = PBXFileReference; lastKnownFileType = sourcecode.swift; path = BusStop.swift; sourceTree = "<group>"; };
		E32E864D280850F900E04786 /* MainPresenter.swift */ = {isa = PBXFileReference; lastKnownFileType = sourcecode.swift; path = MainPresenter.swift; sourceTree = "<group>"; };
		E32E864F2808548700E04786 /* ModuleBuider.swift */ = {isa = PBXFileReference; lastKnownFileType = sourcecode.swift; path = ModuleBuider.swift; sourceTree = "<group>"; };
		E32E865228085D1300E04786 /* NetworkService.swift */ = {isa = PBXFileReference; lastKnownFileType = sourcecode.swift; path = NetworkService.swift; sourceTree = "<group>"; };
		E32E865528086B9900E04786 /* Data.swift */ = {isa = PBXFileReference; lastKnownFileType = sourcecode.swift; path = Data.swift; sourceTree = "<group>"; };
		E32E865C2808842100E04786 /* StopPresenter.swift */ = {isa = PBXFileReference; lastKnownFileType = sourcecode.swift; path = StopPresenter.swift; sourceTree = "<group>"; };
		E32E865E280886BD00E04786 /* StopView.swift */ = {isa = PBXFileReference; lastKnownFileType = sourcecode.swift; path = StopView.swift; sourceTree = "<group>"; };
		E32E866128088D0600E04786 /* RouterMain.swift */ = {isa = PBXFileReference; lastKnownFileType = sourcecode.swift; path = RouterMain.swift; sourceTree = "<group>"; };
		E32E866A2808CED100E04786 /* RoutePath.swift */ = {isa = PBXFileReference; lastKnownFileType = sourcecode.swift; path = RoutePath.swift; sourceTree = "<group>"; };
		E32E866C2808CFFB00E04786 /* Routes.swift */ = {isa = PBXFileReference; lastKnownFileType = sourcecode.swift; path = Routes.swift; sourceTree = "<group>"; };
		E3AFC0D8280AD29A00E38F88 /* RouteView.swift */ = {isa = PBXFileReference; lastKnownFileType = sourcecode.swift; path = RouteView.swift; sourceTree = "<group>"; };
		E3AFC0DA280AED9200E38F88 /* UIColor+HEX.swift */ = {isa = PBXFileReference; lastKnownFileType = sourcecode.swift; path = "UIColor+HEX.swift"; sourceTree = "<group>"; };
/* End PBXFileReference section */

/* Begin PBXFrameworksBuildPhase section */
		E32E861528084D7200E04786 /* Frameworks */ = {
			isa = PBXFrameworksBuildPhase;
			buildActionMask = 2147483647;
			files = (
			);
			runOnlyForDeploymentPostprocessing = 0;
		};
		E32E862B28084D7800E04786 /* Frameworks */ = {
			isa = PBXFrameworksBuildPhase;
			buildActionMask = 2147483647;
			files = (
			);
			runOnlyForDeploymentPostprocessing = 0;
		};
		E32E863528084D7800E04786 /* Frameworks */ = {
			isa = PBXFrameworksBuildPhase;
			buildActionMask = 2147483647;
			files = (
			);
			runOnlyForDeploymentPostprocessing = 0;
		};
/* End PBXFrameworksBuildPhase section */

/* Begin PBXGroup section */
		E32E860F28084D7200E04786 = {
			isa = PBXGroup;
			children = (
				E32E861A28084D7200E04786 /* Bus stops */,
				E32E863128084D7800E04786 /* Bus stopsTests */,
				E32E863B28084D7800E04786 /* Bus stopsUITests */,
				E32E861928084D7200E04786 /* Products */,
			);
			sourceTree = "<group>";
		};
		E32E861928084D7200E04786 /* Products */ = {
			isa = PBXGroup;
			children = (
				E32E861828084D7200E04786 /* Bus stops.app */,
				E32E862E28084D7800E04786 /* Bus stopsTests.xctest */,
				E32E863828084D7800E04786 /* Bus stopsUITests.xctest */,
			);
			name = Products;
			sourceTree = "<group>";
		};
		E32E861A28084D7200E04786 /* Bus stops */ = {
			isa = PBXGroup;
			children = (
				E32E861D28084D7200E04786 /* SceneDelegate.swift */,
				E32E861B28084D7200E04786 /* AppDelegate.swift */,
				E32E864F2808548700E04786 /* ModuleBuider.swift */,
				E32E866128088D0600E04786 /* RouterMain.swift */,
				E32E865428085D4700E04786 /* SeviceLaver */,
				E32E865A280883E800E04786 /* StopModule */,
				E32E86512808560D00E04786 /* MainModule */,
				E32E862628084D7700E04786 /* LaunchScreen.storyboard */,
				E32E862928084D7700E04786 /* Info.plist */,
				E32E862428084D7700E04786 /* Assets.xcassets */,
				E3AFC0DA280AED9200E38F88 /* UIColor+HEX.swift */,
			);
			path = "Bus stops";
			sourceTree = "<group>";
		};
		E32E863128084D7800E04786 /* Bus stopsTests */ = {
			isa = PBXGroup;
			children = (
				E32E863228084D7800E04786 /* Bus_stopsTests.swift */,
			);
			path = "Bus stopsTests";
			sourceTree = "<group>";
		};
		E32E863B28084D7800E04786 /* Bus stopsUITests */ = {
			isa = PBXGroup;
			children = (
				E32E863C28084D7800E04786 /* Bus_stopsUITests.swift */,
				E32E863E28084D7800E04786 /* Bus_stopsUITestsLaunchTests.swift */,
			);
			path = "Bus stopsUITests";
			sourceTree = "<group>";
		};
		E32E86512808560D00E04786 /* MainModule */ = {
			isa = PBXGroup;
			children = (
				E32E86592808815700E04786 /* Presenter */,
				E32E86582808814500E04786 /* View */,
				E32E86572808811400E04786 /* Model */,
			);
			path = MainModule;
			sourceTree = "<group>";
		};
		E32E865428085D4700E04786 /* SeviceLaver */ = {
			isa = PBXGroup;
			children = (
				E32E865228085D1300E04786 /* NetworkService.swift */,
			);
			path = SeviceLaver;
			sourceTree = "<group>";
		};
		E32E86572808811400E04786 /* Model */ = {
			isa = PBXGroup;
			children = (
				E32E864B28084F7500E04786 /* BusStop.swift */,
				E32E865528086B9900E04786 /* Data.swift */,
			);
			path = Model;
			sourceTree = "<group>";
		};
		E32E86582808814500E04786 /* View */ = {
			isa = PBXGroup;
			children = (
				E32E861F28084D7200E04786 /* MainView.swift */,
			);
			path = View;
			sourceTree = "<group>";
		};
		E32E86592808815700E04786 /* Presenter */ = {
			isa = PBXGroup;
			children = (
				E32E864D280850F900E04786 /* MainPresenter.swift */,
			);
			path = Presenter;
			sourceTree = "<group>";
		};
		E32E865A280883E800E04786 /* StopModule */ = {
			isa = PBXGroup;
			children = (
				E32E86692808CE9A00E04786 /* Model */,
				E32E8660280886C300E04786 /* View */,
				E32E865B2808840100E04786 /* Presenter */,
			);
			path = StopModule;
			sourceTree = "<group>";
		};
		E32E865B2808840100E04786 /* Presenter */ = {
			isa = PBXGroup;
			children = (
				E32E865C2808842100E04786 /* StopPresenter.swift */,
			);
			path = Presenter;
			sourceTree = "<group>";
		};
		E32E8660280886C300E04786 /* View */ = {
			isa = PBXGroup;
			children = (
				E32E865E280886BD00E04786 /* StopView.swift */,
				E3AFC0D8280AD29A00E38F88 /* RouteView.swift */,
			);
			path = View;
			sourceTree = "<group>";
		};
		E32E86692808CE9A00E04786 /* Model */ = {
			isa = PBXGroup;
			children = (
				E32E866A2808CED100E04786 /* RoutePath.swift */,
				E32E866C2808CFFB00E04786 /* Routes.swift */,
			);
			path = Model;
			sourceTree = "<group>";
		};
/* End PBXGroup section */

/* Begin PBXNativeTarget section */
		E32E861728084D7200E04786 /* Bus stops */ = {
			isa = PBXNativeTarget;
			buildConfigurationList = E32E864228084D7900E04786 /* Build configuration list for PBXNativeTarget "Bus stops" */;
			buildPhases = (
				E32E861428084D7200E04786 /* Sources */,
				E32E861528084D7200E04786 /* Frameworks */,
				E32E861628084D7200E04786 /* Resources */,
			);
			buildRules = (
			);
			dependencies = (
			);
			name = "Bus stops";
			productName = "Bus stops";
			productReference = E32E861828084D7200E04786 /* Bus stops.app */;
			productType = "com.apple.product-type.application";
		};
		E32E862D28084D7800E04786 /* Bus stopsTests */ = {
			isa = PBXNativeTarget;
			buildConfigurationList = E32E864528084D7900E04786 /* Build configuration list for PBXNativeTarget "Bus stopsTests" */;
			buildPhases = (
				E32E862A28084D7800E04786 /* Sources */,
				E32E862B28084D7800E04786 /* Frameworks */,
				E32E862C28084D7800E04786 /* Resources */,
			);
			buildRules = (
			);
			dependencies = (
				E32E863028084D7800E04786 /* PBXTargetDependency */,
			);
			name = "Bus stopsTests";
			productName = "Bus stopsTests";
			productReference = E32E862E28084D7800E04786 /* Bus stopsTests.xctest */;
			productType = "com.apple.product-type.bundle.unit-test";
		};
		E32E863728084D7800E04786 /* Bus stopsUITests */ = {
			isa = PBXNativeTarget;
			buildConfigurationList = E32E864828084D7900E04786 /* Build configuration list for PBXNativeTarget "Bus stopsUITests" */;
			buildPhases = (
				E32E863428084D7800E04786 /* Sources */,
				E32E863528084D7800E04786 /* Frameworks */,
				E32E863628084D7800E04786 /* Resources */,
			);
			buildRules = (
			);
			dependencies = (
				E32E863A28084D7800E04786 /* PBXTargetDependency */,
			);
			name = "Bus stopsUITests";
			productName = "Bus stopsUITests";
			productReference = E32E863828084D7800E04786 /* Bus stopsUITests.xctest */;
			productType = "com.apple.product-type.bundle.ui-testing";
		};
/* End PBXNativeTarget section */

/* Begin PBXProject section */
		E32E861028084D7200E04786 /* Project object */ = {
			isa = PBXProject;
			attributes = {
				BuildIndependentTargetsInParallel = 1;
				LastSwiftUpdateCheck = 1330;
				LastUpgradeCheck = 1330;
				TargetAttributes = {
					E32E861728084D7200E04786 = {
						CreatedOnToolsVersion = 13.3.1;
					};
					E32E862D28084D7800E04786 = {
						CreatedOnToolsVersion = 13.3.1;
						TestTargetID = E32E861728084D7200E04786;
					};
					E32E863728084D7800E04786 = {
						CreatedOnToolsVersion = 13.3.1;
						TestTargetID = E32E861728084D7200E04786;
					};
				};
			};
			buildConfigurationList = E32E861328084D7200E04786 /* Build configuration list for PBXProject "Bus stops" */;
			compatibilityVersion = "Xcode 13.0";
			developmentRegion = en;
			hasScannedForEncodings = 0;
			knownRegions = (
				en,
				Base,
			);
			mainGroup = E32E860F28084D7200E04786;
			productRefGroup = E32E861928084D7200E04786 /* Products */;
			projectDirPath = "";
			projectRoot = "";
			targets = (
				E32E861728084D7200E04786 /* Bus stops */,
				E32E862D28084D7800E04786 /* Bus stopsTests */,
				E32E863728084D7800E04786 /* Bus stopsUITests */,
			);
		};
/* End PBXProject section */

/* Begin PBXResourcesBuildPhase section */
		E32E861628084D7200E04786 /* Resources */ = {
			isa = PBXResourcesBuildPhase;
			buildActionMask = 2147483647;
			files = (
				E32E862828084D7700E04786 /* LaunchScreen.storyboard in Resources */,
				E32E862528084D7700E04786 /* Assets.xcassets in Resources */,
			);
			runOnlyForDeploymentPostprocessing = 0;
		};
		E32E862C28084D7800E04786 /* Resources */ = {
			isa = PBXResourcesBuildPhase;
			buildActionMask = 2147483647;
			files = (
			);
			runOnlyForDeploymentPostprocessing = 0;
		};
		E32E863628084D7800E04786 /* Resources */ = {
			isa = PBXResourcesBuildPhase;
			buildActionMask = 2147483647;
			files = (
			);
			runOnlyForDeploymentPostprocessing = 0;
		};
/* End PBXResourcesBuildPhase section */

/* Begin PBXSourcesBuildPhase section */
		E32E861428084D7200E04786 /* Sources */ = {
			isa = PBXSourcesBuildPhase;
			buildActionMask = 2147483647;
			files = (
				E32E866D2808CFFB00E04786 /* Routes.swift in Sources */,
				E3AFC0DB280AED9200E38F88 /* UIColor+HEX.swift in Sources */,
				E32E864E280850F900E04786 /* MainPresenter.swift in Sources */,
				E32E864C28084F7500E04786 /* BusStop.swift in Sources */,
				E32E86502808548700E04786 /* ModuleBuider.swift in Sources */,
				E32E862028084D7200E04786 /* MainView.swift in Sources */,
				E32E861C28084D7200E04786 /* AppDelegate.swift in Sources */,
				E32E865D2808842100E04786 /* StopPresenter.swift in Sources */,
				E32E866228088D0600E04786 /* RouterMain.swift in Sources */,
				E32E861E28084D7200E04786 /* SceneDelegate.swift in Sources */,
				E32E865328085D1400E04786 /* NetworkService.swift in Sources */,
				E32E866B2808CED200E04786 /* RoutePath.swift in Sources */,
				E3AFC0D9280AD29B00E38F88 /* RouteView.swift in Sources */,
				E32E865F280886BD00E04786 /* StopView.swift in Sources */,
				E32E865628086B9A00E04786 /* Data.swift in Sources */,
			);
			runOnlyForDeploymentPostprocessing = 0;
		};
		E32E862A28084D7800E04786 /* Sources */ = {
			isa = PBXSourcesBuildPhase;
			buildActionMask = 2147483647;
			files = (
				E32E863328084D7800E04786 /* Bus_stopsTests.swift in Sources */,
			);
			runOnlyForDeploymentPostprocessing = 0;
		};
		E32E863428084D7800E04786 /* Sources */ = {
			isa = PBXSourcesBuildPhase;
			buildActionMask = 2147483647;
			files = (
				E32E863D28084D7800E04786 /* Bus_stopsUITests.swift in Sources */,
				E32E863F28084D7800E04786 /* Bus_stopsUITestsLaunchTests.swift in Sources */,
			);
			runOnlyForDeploymentPostprocessing = 0;
		};
/* End PBXSourcesBuildPhase section */

/* Begin PBXTargetDependency section */
		E32E863028084D7800E04786 /* PBXTargetDependency */ = {
			isa = PBXTargetDependency;
			target = E32E861728084D7200E04786 /* Bus stops */;
			targetProxy = E32E862F28084D7800E04786 /* PBXContainerItemProxy */;
		};
		E32E863A28084D7800E04786 /* PBXTargetDependency */ = {
			isa = PBXTargetDependency;
			target = E32E861728084D7200E04786 /* Bus stops */;
			targetProxy = E32E863928084D7800E04786 /* PBXContainerItemProxy */;
		};
/* End PBXTargetDependency section */

/* Begin PBXVariantGroup section */
		E32E862628084D7700E04786 /* LaunchScreen.storyboard */ = {
			isa = PBXVariantGroup;
			children = (
				E32E862728084D7700E04786 /* Base */,
			);
			name = LaunchScreen.storyboard;
			sourceTree = "<group>";
		};
/* End PBXVariantGroup section */

/* Begin XCBuildConfiguration section */
		E32E864028084D7900E04786 /* Debug */ = {
			isa = XCBuildConfiguration;
			buildSettings = {
				ALWAYS_SEARCH_USER_PATHS = NO;
				CLANG_ANALYZER_NONNULL = YES;
				CLANG_ANALYZER_NUMBER_OBJECT_CONVERSION = YES_AGGRESSIVE;
				CLANG_CXX_LANGUAGE_STANDARD = "gnu++17";
				CLANG_ENABLE_MODULES = YES;
				CLANG_ENABLE_OBJC_ARC = YES;
				CLANG_ENABLE_OBJC_WEAK = YES;
				CLANG_WARN_BLOCK_CAPTURE_AUTORELEASING = YES;
				CLANG_WARN_BOOL_CONVERSION = YES;
				CLANG_WARN_COMMA = YES;
				CLANG_WARN_CONSTANT_CONVERSION = YES;
				CLANG_WARN_DEPRECATED_OBJC_IMPLEMENTATIONS = YES;
				CLANG_WARN_DIRECT_OBJC_ISA_USAGE = YES_ERROR;
				CLANG_WARN_DOCUMENTATION_COMMENTS = YES;
				CLANG_WARN_EMPTY_BODY = YES;
				CLANG_WARN_ENUM_CONVERSION = YES;
				CLANG_WARN_INFINITE_RECURSION = YES;
				CLANG_WARN_INT_CONVERSION = YES;
				CLANG_WARN_NON_LITERAL_NULL_CONVERSION = YES;
				CLANG_WARN_OBJC_IMPLICIT_RETAIN_SELF = YES;
				CLANG_WARN_OBJC_LITERAL_CONVERSION = YES;
				CLANG_WARN_OBJC_ROOT_CLASS = YES_ERROR;
				CLANG_WARN_QUOTED_INCLUDE_IN_FRAMEWORK_HEADER = YES;
				CLANG_WARN_RANGE_LOOP_ANALYSIS = YES;
				CLANG_WARN_STRICT_PROTOTYPES = YES;
				CLANG_WARN_SUSPICIOUS_MOVE = YES;
				CLANG_WARN_UNGUARDED_AVAILABILITY = YES_AGGRESSIVE;
				CLANG_WARN_UNREACHABLE_CODE = YES;
				CLANG_WARN__DUPLICATE_METHOD_MATCH = YES;
				COPY_PHASE_STRIP = NO;
				DEBUG_INFORMATION_FORMAT = dwarf;
				ENABLE_STRICT_OBJC_MSGSEND = YES;
				ENABLE_TESTABILITY = YES;
				GCC_C_LANGUAGE_STANDARD = gnu11;
				GCC_DYNAMIC_NO_PIC = NO;
				GCC_NO_COMMON_BLOCKS = YES;
				GCC_OPTIMIZATION_LEVEL = 0;
				GCC_PREPROCESSOR_DEFINITIONS = (
					"DEBUG=1",
					"$(inherited)",
				);
				GCC_WARN_64_TO_32_BIT_CONVERSION = YES;
				GCC_WARN_ABOUT_RETURN_TYPE = YES_ERROR;
				GCC_WARN_UNDECLARED_SELECTOR = YES;
				GCC_WARN_UNINITIALIZED_AUTOS = YES_AGGRESSIVE;
				GCC_WARN_UNUSED_FUNCTION = YES;
				GCC_WARN_UNUSED_VARIABLE = YES;
				IPHONEOS_DEPLOYMENT_TARGET = 15.4;
				MTL_ENABLE_DEBUG_INFO = INCLUDE_SOURCE;
				MTL_FAST_MATH = YES;
				ONLY_ACTIVE_ARCH = YES;
				SDKROOT = iphoneos;
				SWIFT_ACTIVE_COMPILATION_CONDITIONS = DEBUG;
				SWIFT_OPTIMIZATION_LEVEL = "-Onone";
			};
			name = Debug;
		};
		E32E864128084D7900E04786 /* Release */ = {
			isa = XCBuildConfiguration;
			buildSettings = {
				ALWAYS_SEARCH_USER_PATHS = NO;
				CLANG_ANALYZER_NONNULL = YES;
				CLANG_ANALYZER_NUMBER_OBJECT_CONVERSION = YES_AGGRESSIVE;
				CLANG_CXX_LANGUAGE_STANDARD = "gnu++17";
				CLANG_ENABLE_MODULES = YES;
				CLANG_ENABLE_OBJC_ARC = YES;
				CLANG_ENABLE_OBJC_WEAK = YES;
				CLANG_WARN_BLOCK_CAPTURE_AUTORELEASING = YES;
				CLANG_WARN_BOOL_CONVERSION = YES;
				CLANG_WARN_COMMA = YES;
				CLANG_WARN_CONSTANT_CONVERSION = YES;
				CLANG_WARN_DEPRECATED_OBJC_IMPLEMENTATIONS = YES;
				CLANG_WARN_DIRECT_OBJC_ISA_USAGE = YES_ERROR;
				CLANG_WARN_DOCUMENTATION_COMMENTS = YES;
				CLANG_WARN_EMPTY_BODY = YES;
				CLANG_WARN_ENUM_CONVERSION = YES;
				CLANG_WARN_INFINITE_RECURSION = YES;
				CLANG_WARN_INT_CONVERSION = YES;
				CLANG_WARN_NON_LITERAL_NULL_CONVERSION = YES;
				CLANG_WARN_OBJC_IMPLICIT_RETAIN_SELF = YES;
				CLANG_WARN_OBJC_LITERAL_CONVERSION = YES;
				CLANG_WARN_OBJC_ROOT_CLASS = YES_ERROR;
				CLANG_WARN_QUOTED_INCLUDE_IN_FRAMEWORK_HEADER = YES;
				CLANG_WARN_RANGE_LOOP_ANALYSIS = YES;
				CLANG_WARN_STRICT_PROTOTYPES = YES;
				CLANG_WARN_SUSPICIOUS_MOVE = YES;
				CLANG_WARN_UNGUARDED_AVAILABILITY = YES_AGGRESSIVE;
				CLANG_WARN_UNREACHABLE_CODE = YES;
				CLANG_WARN__DUPLICATE_METHOD_MATCH = YES;
				COPY_PHASE_STRIP = NO;
				DEBUG_INFORMATION_FORMAT = "dwarf-with-dsym";
				ENABLE_NS_ASSERTIONS = NO;
				ENABLE_STRICT_OBJC_MSGSEND = YES;
				GCC_C_LANGUAGE_STANDARD = gnu11;
				GCC_NO_COMMON_BLOCKS = YES;
				GCC_WARN_64_TO_32_BIT_CONVERSION = YES;
				GCC_WARN_ABOUT_RETURN_TYPE = YES_ERROR;
				GCC_WARN_UNDECLARED_SELECTOR = YES;
				GCC_WARN_UNINITIALIZED_AUTOS = YES_AGGRESSIVE;
				GCC_WARN_UNUSED_FUNCTION = YES;
				GCC_WARN_UNUSED_VARIABLE = YES;
				IPHONEOS_DEPLOYMENT_TARGET = 15.4;
				MTL_ENABLE_DEBUG_INFO = NO;
				MTL_FAST_MATH = YES;
				SDKROOT = iphoneos;
				SWIFT_COMPILATION_MODE = wholemodule;
				SWIFT_OPTIMIZATION_LEVEL = "-O";
				VALIDATE_PRODUCT = YES;
			};
			name = Release;
		};
		E32E864328084D7900E04786 /* Debug */ = {
			isa = XCBuildConfiguration;
			buildSettings = {
				ASSETCATALOG_COMPILER_APPICON_NAME = AppIcon;
				ASSETCATALOG_COMPILER_GLOBAL_ACCENT_COLOR_NAME = AccentColor;
				CODE_SIGN_STYLE = Automatic;
				CURRENT_PROJECT_VERSION = 1;
				DEVELOPMENT_TEAM = LJQ6356456;
				GENERATE_INFOPLIST_FILE = YES;
				INFOPLIST_FILE = "Bus stops/Info.plist";
				INFOPLIST_KEY_UIApplicationSupportsIndirectInputEvents = YES;
				INFOPLIST_KEY_UILaunchStoryboardName = LaunchScreen;
				INFOPLIST_KEY_UISupportedInterfaceOrientations_iPad = "UIInterfaceOrientationPortrait UIInterfaceOrientationPortraitUpsideDown UIInterfaceOrientationLandscapeLeft UIInterfaceOrientationLandscapeRight";
				INFOPLIST_KEY_UISupportedInterfaceOrientations_iPhone = "UIInterfaceOrientationPortrait UIInterfaceOrientationLandscapeLeft UIInterfaceOrientationLandscapeRight";
				IPHONEOS_DEPLOYMENT_TARGET = 15.0;
				LD_RUNPATH_SEARCH_PATHS = (
					"$(inherited)",
					"@executable_path/Frameworks",
				);
				MARKETING_VERSION = 1.0;
				PRODUCT_BUNDLE_IDENTIFIER = "ru.hse.cs.Bus-stops";
				PRODUCT_NAME = "$(TARGET_NAME)";
				SWIFT_EMIT_LOC_STRINGS = YES;
				SWIFT_VERSION = 5.0;
				TARGETED_DEVICE_FAMILY = "1,2";
			};
			name = Debug;
		};
		E32E864428084D7900E04786 /* Release */ = {
			isa = XCBuildConfiguration;
			buildSettings = {
				ASSETCATALOG_COMPILER_APPICON_NAME = AppIcon;
				ASSETCATALOG_COMPILER_GLOBAL_ACCENT_COLOR_NAME = AccentColor;
				CODE_SIGN_STYLE = Automatic;
				CURRENT_PROJECT_VERSION = 1;
				DEVELOPMENT_TEAM = LJQ6356456;
				GENERATE_INFOPLIST_FILE = YES;
				INFOPLIST_FILE = "Bus stops/Info.plist";
				INFOPLIST_KEY_UIApplicationSupportsIndirectInputEvents = YES;
				INFOPLIST_KEY_UILaunchStoryboardName = LaunchScreen;
				INFOPLIST_KEY_UISupportedInterfaceOrientations_iPad = "UIInterfaceOrientationPortrait UIInterfaceOrientationPortraitUpsideDown UIInterfaceOrientationLandscapeLeft UIInterfaceOrientationLandscapeRight";
				INFOPLIST_KEY_UISupportedInterfaceOrientations_iPhone = "UIInterfaceOrientationPortrait UIInterfaceOrientationLandscapeLeft UIInterfaceOrientationLandscapeRight";
				IPHONEOS_DEPLOYMENT_TARGET = 15.0;
				LD_RUNPATH_SEARCH_PATHS = (
					"$(inherited)",
					"@executable_path/Frameworks",
				);
				MARKETING_VERSION = 1.0;
				PRODUCT_BUNDLE_IDENTIFIER = "ru.hse.cs.Bus-stops";
				PRODUCT_NAME = "$(TARGET_NAME)";
				SWIFT_EMIT_LOC_STRINGS = YES;
				SWIFT_VERSION = 5.0;
				TARGETED_DEVICE_FAMILY = "1,2";
			};
			name = Release;
		};
		E32E864628084D7900E04786 /* Debug */ = {
			isa = XCBuildConfiguration;
			buildSettings = {
				ALWAYS_EMBED_SWIFT_STANDARD_LIBRARIES = YES;
				BUNDLE_LOADER = "$(TEST_HOST)";
				CODE_SIGN_STYLE = Automatic;
				CURRENT_PROJECT_VERSION = 1;
				DEVELOPMENT_TEAM = LJQ6356456;
				GENERATE_INFOPLIST_FILE = YES;
				IPHONEOS_DEPLOYMENT_TARGET = 15.4;
				MARKETING_VERSION = 1.0;
				PRODUCT_BUNDLE_IDENTIFIER = "ru.hse.cs.Bus-stopsTests";
				PRODUCT_NAME = "$(TARGET_NAME)";
				SWIFT_EMIT_LOC_STRINGS = NO;
				SWIFT_VERSION = 5.0;
				TARGETED_DEVICE_FAMILY = "1,2";
				TEST_HOST = "$(BUILT_PRODUCTS_DIR)/Bus stops.app/Bus stops";
			};
			name = Debug;
		};
		E32E864728084D7900E04786 /* Release */ = {
			isa = XCBuildConfiguration;
			buildSettings = {
				ALWAYS_EMBED_SWIFT_STANDARD_LIBRARIES = YES;
				BUNDLE_LOADER = "$(TEST_HOST)";
				CODE_SIGN_STYLE = Automatic;
				CURRENT_PROJECT_VERSION = 1;
				DEVELOPMENT_TEAM = LJQ6356456;
				GENERATE_INFOPLIST_FILE = YES;
				IPHONEOS_DEPLOYMENT_TARGET = 15.4;
				MARKETING_VERSION = 1.0;
				PRODUCT_BUNDLE_IDENTIFIER = "ru.hse.cs.Bus-stopsTests";
				PRODUCT_NAME = "$(TARGET_NAME)";
				SWIFT_EMIT_LOC_STRINGS = NO;
				SWIFT_VERSION = 5.0;
				TARGETED_DEVICE_FAMILY = "1,2";
				TEST_HOST = "$(BUILT_PRODUCTS_DIR)/Bus stops.app/Bus stops";
			};
			name = Release;
		};
		E32E864928084D7900E04786 /* Debug */ = {
			isa = XCBuildConfiguration;
			buildSettings = {
				ALWAYS_EMBED_SWIFT_STANDARD_LIBRARIES = YES;
				CODE_SIGN_STYLE = Automatic;
				CURRENT_PROJECT_VERSION = 1;
				DEVELOPMENT_TEAM = LJQ6356456;
				GENERATE_INFOPLIST_FILE = YES;
				MARKETING_VERSION = 1.0;
				PRODUCT_BUNDLE_IDENTIFIER = "ru.hse.cs.Bus-stopsUITests";
				PRODUCT_NAME = "$(TARGET_NAME)";
				SWIFT_EMIT_LOC_STRINGS = NO;
				SWIFT_VERSION = 5.0;
				TARGETED_DEVICE_FAMILY = "1,2";
				TEST_TARGET_NAME = "Bus stops";
			};
			name = Debug;
		};
		E32E864A28084D7900E04786 /* Release */ = {
			isa = XCBuildConfiguration;
			buildSettings = {
				ALWAYS_EMBED_SWIFT_STANDARD_LIBRARIES = YES;
				CODE_SIGN_STYLE = Automatic;
				CURRENT_PROJECT_VERSION = 1;
				DEVELOPMENT_TEAM = LJQ6356456;
				GENERATE_INFOPLIST_FILE = YES;
				MARKETING_VERSION = 1.0;
				PRODUCT_BUNDLE_IDENTIFIER = "ru.hse.cs.Bus-stopsUITests";
				PRODUCT_NAME = "$(TARGET_NAME)";
				SWIFT_EMIT_LOC_STRINGS = NO;
				SWIFT_VERSION = 5.0;
				TARGETED_DEVICE_FAMILY = "1,2";
				TEST_TARGET_NAME = "Bus stops";
			};
			name = Release;
		};
/* End XCBuildConfiguration section */

/* Begin XCConfigurationList section */
		E32E861328084D7200E04786 /* Build configuration list for PBXProject "Bus stops" */ = {
			isa = XCConfigurationList;
			buildConfigurations = (
				E32E864028084D7900E04786 /* Debug */,
				E32E864128084D7900E04786 /* Release */,
			);
			defaultConfigurationIsVisible = 0;
			defaultConfigurationName = Release;
		};
		E32E864228084D7900E04786 /* Build configuration list for PBXNativeTarget "Bus stops" */ = {
			isa = XCConfigurationList;
			buildConfigurations = (
				E32E864328084D7900E04786 /* Debug */,
				E32E864428084D7900E04786 /* Release */,
			);
			defaultConfigurationIsVisible = 0;
			defaultConfigurationName = Release;
		};
		E32E864528084D7900E04786 /* Build configuration list for PBXNativeTarget "Bus stopsTests" */ = {
			isa = XCConfigurationList;
			buildConfigurations = (
				E32E864628084D7900E04786 /* Debug */,
				E32E864728084D7900E04786 /* Release */,
			);
			defaultConfigurationIsVisible = 0;
			defaultConfigurationName = Release;
		};
		E32E864828084D7900E04786 /* Build configuration list for PBXNativeTarget "Bus stopsUITests" */ = {
			isa = XCConfigurationList;
			buildConfigurations = (
				E32E864928084D7900E04786 /* Debug */,
				E32E864A28084D7900E04786 /* Release */,
			);
			defaultConfigurationIsVisible = 0;
			defaultConfigurationName = Release;
		};
/* End XCConfigurationList section */
	};
	rootObject = E32E861028084D7200E04786 /* Project object */;
}
